
Microsoft Visual Studio Solution File, Format Version 12.00
# Visual Studio 15
VisualStudioVersion = 15.0.26430.4
MinimumVisualStudioVersion = 10.0.40219.1
Project("{FAE04EC0-301F-11D3-BF4B-00C04F79EFBC}") = "App7Crypto.Android", "App7Crypto\App7Crypto.Android\App7Crypto.Android.csproj", "{B397C2DC-BA60-4BA7-A4B2-846AD49353EB}"
EndProject
Project("{FAE04EC0-301F-11D3-BF4B-00C04F79EFBC}") = "App7Crypto", "App7Crypto\App7Crypto\App7Crypto.csproj", "{D368B470-1D4D-4459-ABA8-552F6C738D14}"
EndProject
Project("{FAE04EC0-301F-11D3-BF4B-00C04F79EFBC}") = "App7Crypto.UWP", "App7Crypto\App7Crypto.UWP\App7Crypto.UWP.csproj", "{DFDEB412-1FC0-4EEA-B0E3-814BF2324EC5}"
EndProject
Project("{FAE04EC0-301F-11D3-BF4B-00C04F79EFBC}") = "App7Crypto.iOS", "App7Crypto\App7Crypto.iOS\App7Crypto.iOS.csproj", "{2943B587-9094-4C00-9056-B9FB10BF11DB}"
EndProject
Global
	GlobalSection(SolutionConfigurationPlatforms) = preSolution
		Ad-Hoc|Any CPU = Ad-Hoc|Any CPU
		Ad-Hoc|ARM = Ad-Hoc|ARM
		Ad-Hoc|iPhone = Ad-Hoc|iPhone
		Ad-Hoc|iPhoneSimulator = Ad-Hoc|iPhoneSimulator
		Ad-Hoc|x64 = Ad-Hoc|x64
		Ad-Hoc|x86 = Ad-Hoc|x86
		AppStore|Any CPU = AppStore|Any CPU
		AppStore|ARM = AppStore|ARM
		AppStore|iPhone = AppStore|iPhone
		AppStore|iPhoneSimulator = AppStore|iPhoneSimulator
		AppStore|x64 = AppStore|x64
		AppStore|x86 = AppStore|x86
		Debug|Any CPU = Debug|Any CPU
		Debug|ARM = Debug|ARM
		Debug|iPhone = Debug|iPhone
		Debug|iPhoneSimulator = Debug|iPhoneSimulator
		Debug|x64 = Debug|x64
		Debug|x86 = Debug|x86
		Release|Any CPU = Release|Any CPU
		Release|ARM = Release|ARM
		Release|iPhone = Release|iPhone
		Release|iPhoneSimulator = Release|iPhoneSimulator
		Release|x64 = Release|x64
		Release|x86 = Release|x86
	EndGlobalSection
	GlobalSection(ProjectConfigurationPlatforms) = postSolution
		{B397C2DC-BA60-4BA7-A4B2-846AD49353EB}.Ad-Hoc|Any CPU.ActiveCfg = Release|Any CPU
		{B397C2DC-BA60-4BA7-A4B2-846AD49353EB}.Ad-Hoc|Any CPU.Build.0 = Release|Any CPU
		{B397C2DC-BA60-4BA7-A4B2-846AD49353EB}.Ad-Hoc|Any CPU.Deploy.0 = Release|Any CPU
		{B397C2DC-BA60-4BA7-A4B2-846AD49353EB}.Ad-Hoc|ARM.ActiveCfg = Release|Any CPU
		{B397C2DC-BA60-4BA7-A4B2-846AD49353EB}.Ad-Hoc|ARM.Build.0 = Release|Any CPU
		{B397C2DC-BA60-4BA7-A4B2-846AD49353EB}.Ad-Hoc|ARM.Deploy.0 = Release|Any CPU
		{B397C2DC-BA60-4BA7-A4B2-846AD49353EB}.Ad-Hoc|iPhone.ActiveCfg = Release|Any CPU
		{B397C2DC-BA60-4BA7-A4B2-846AD49353EB}.Ad-Hoc|iPhone.Build.0 = Release|Any CPU
		{B397C2DC-BA60-4BA7-A4B2-846AD49353EB}.Ad-Hoc|iPhone.Deploy.0 = Release|Any CPU
		{B397C2DC-BA60-4BA7-A4B2-846AD49353EB}.Ad-Hoc|iPhoneSimulator.ActiveCfg = Release|Any CPU
		{B397C2DC-BA60-4BA7-A4B2-846AD49353EB}.Ad-Hoc|iPhoneSimulator.Build.0 = Release|Any CPU
		{B397C2DC-BA60-4BA7-A4B2-846AD49353EB}.Ad-Hoc|iPhoneSimulator.Deploy.0 = Release|Any CPU
		{B397C2DC-BA60-4BA7-A4B2-846AD49353EB}.Ad-Hoc|x64.ActiveCfg = Release|Any CPU
		{B397C2DC-BA60-4BA7-A4B2-846AD49353EB}.Ad-Hoc|x64.Build.0 = Release|Any CPU
		{B397C2DC-BA60-4BA7-A4B2-846AD49353EB}.Ad-Hoc|x64.Deploy.0 = Release|Any CPU
		{B397C2DC-BA60-4BA7-A4B2-846AD49353EB}.Ad-Hoc|x86.ActiveCfg = Release|Any CPU
		{B397C2DC-BA60-4BA7-A4B2-846AD49353EB}.Ad-Hoc|x86.Build.0 = Release|Any CPU
		{B397C2DC-BA60-4BA7-A4B2-846AD49353EB}.Ad-Hoc|x86.Deploy.0 = Release|Any CPU
		{B397C2DC-BA60-4BA7-A4B2-846AD49353EB}.AppStore|Any CPU.ActiveCfg = Release|Any CPU
		{B397C2DC-BA60-4BA7-A4B2-846AD49353EB}.AppStore|Any CPU.Build.0 = Release|Any CPU
		{B397C2DC-BA60-4BA7-A4B2-846AD49353EB}.AppStore|Any CPU.Deploy.0 = Release|Any CPU
		{B397C2DC-BA60-4BA7-A4B2-846AD49353EB}.AppStore|ARM.ActiveCfg = Release|Any CPU
		{B397C2DC-BA60-4BA7-A4B2-846AD49353EB}.AppStore|ARM.Build.0 = Release|Any CPU
		{B397C2DC-BA60-4BA7-A4B2-846AD49353EB}.AppStore|ARM.Deploy.0 = Release|Any CPU
		{B397C2DC-BA60-4BA7-A4B2-846AD49353EB}.AppStore|iPhone.ActiveCfg = Release|Any CPU
		{B397C2DC-BA60-4BA7-A4B2-846AD49353EB}.AppStore|iPhone.Build.0 = Release|Any CPU
		{B397C2DC-BA60-4BA7-A4B2-846AD49353EB}.AppStore|iPhone.Deploy.0 = Release|Any CPU
		{B397C2DC-BA60-4BA7-A4B2-846AD49353EB}.AppStore|iPhoneSimulator.ActiveCfg = Release|Any CPU
		{B397C2DC-BA60-4BA7-A4B2-846AD49353EB}.AppStore|iPhoneSimulator.Build.0 = Release|Any CPU
		{B397C2DC-BA60-4BA7-A4B2-846AD49353EB}.AppStore|iPhoneSimulator.Deploy.0 = Release|Any CPU
		{B397C2DC-BA60-4BA7-A4B2-846AD49353EB}.AppStore|x64.ActiveCfg = Release|Any CPU
		{B397C2DC-BA60-4BA7-A4B2-846AD49353EB}.AppStore|x64.Build.0 = Release|Any CPU
		{B397C2DC-BA60-4BA7-A4B2-846AD49353EB}.AppStore|x64.Deploy.0 = Release|Any CPU
		{B397C2DC-BA60-4BA7-A4B2-846AD49353EB}.AppStore|x86.ActiveCfg = Release|Any CPU
		{B397C2DC-BA60-4BA7-A4B2-846AD49353EB}.AppStore|x86.Build.0 = Release|Any CPU
		{B397C2DC-BA60-4BA7-A4B2-846AD49353EB}.AppStore|x86.Deploy.0 = Release|Any CPU
		{B397C2DC-BA60-4BA7-A4B2-846AD49353EB}.Debug|Any CPU.ActiveCfg = Debug|Any CPU
		{B397C2DC-BA60-4BA7-A4B2-846AD49353EB}.Debug|Any CPU.Build.0 = Debug|Any CPU
		{B397C2DC-BA60-4BA7-A4B2-846AD49353EB}.Debug|Any CPU.Deploy.0 = Debug|Any CPU
		{B397C2DC-BA60-4BA7-A4B2-846AD49353EB}.Debug|ARM.ActiveCfg = Debug|Any CPU
		{B397C2DC-BA60-4BA7-A4B2-846AD49353EB}.Debug|ARM.Build.0 = Debug|Any CPU
		{B397C2DC-BA60-4BA7-A4B2-846AD49353EB}.Debug|ARM.Deploy.0 = Debug|Any CPU
		{B397C2DC-BA60-4BA7-A4B2-846AD49353EB}.Debug|iPhone.ActiveCfg = Debug|Any CPU
		{B397C2DC-BA60-4BA7-A4B2-846AD49353EB}.Debug|iPhone.Build.0 = Debug|Any CPU
		{B397C2DC-BA60-4BA7-A4B2-846AD49353EB}.Debug|iPhone.Deploy.0 = Debug|Any CPU
		{B397C2DC-BA60-4BA7-A4B2-846AD49353EB}.Debug|iPhoneSimulator.ActiveCfg = Debug|Any CPU
		{B397C2DC-BA60-4BA7-A4B2-846AD49353EB}.Debug|iPhoneSimulator.Build.0 = Debug|Any CPU
		{B397C2DC-BA60-4BA7-A4B2-846AD49353EB}.Debug|iPhoneSimulator.Deploy.0 = Debug|Any CPU
		{B397C2DC-BA60-4BA7-A4B2-846AD49353EB}.Debug|x64.ActiveCfg = Debug|Any CPU
		{B397C2DC-BA60-4BA7-A4B2-846AD49353EB}.Debug|x64.Build.0 = Debug|Any CPU
		{B397C2DC-BA60-4BA7-A4B2-846AD49353EB}.Debug|x64.Deploy.0 = Debug|Any CPU
		{B397C2DC-BA60-4BA7-A4B2-846AD49353EB}.Debug|x86.ActiveCfg = Debug|Any CPU
		{B397C2DC-BA60-4BA7-A4B2-846AD49353EB}.Debug|x86.Build.0 = Debug|Any CPU
		{B397C2DC-BA60-4BA7-A4B2-846AD49353EB}.Debug|x86.Deploy.0 = Debug|Any CPU
		{B397C2DC-BA60-4BA7-A4B2-846AD49353EB}.Release|Any CPU.ActiveCfg = Release|Any CPU
		{B397C2DC-BA60-4BA7-A4B2-846AD49353EB}.Release|Any CPU.Build.0 = Release|Any CPU
		{B397C2DC-BA60-4BA7-A4B2-846AD49353EB}.Release|Any CPU.Deploy.0 = Release|Any CPU
		{B397C2DC-BA60-4BA7-A4B2-846AD49353EB}.Release|ARM.ActiveCfg = Release|Any CPU
		{B397C2DC-BA60-4BA7-A4B2-846AD49353EB}.Release|ARM.Build.0 = Release|Any CPU
		{B397C2DC-BA60-4BA7-A4B2-846AD49353EB}.Release|ARM.Deploy.0 = Release|Any CPU
		{B397C2DC-BA60-4BA7-A4B2-846AD49353EB}.Release|iPhone.ActiveCfg = Release|Any CPU
		{B397C2DC-BA60-4BA7-A4B2-846AD49353EB}.Release|iPhone.Build.0 = Release|Any CPU
		{B397C2DC-BA60-4BA7-A4B2-846AD49353EB}.Release|iPhone.Deploy.0 = Release|Any CPU
		{B397C2DC-BA60-4BA7-A4B2-846AD49353EB}.Release|iPhoneSimulator.ActiveCfg = Release|Any CPU
		{B397C2DC-BA60-4BA7-A4B2-846AD49353EB}.Release|iPhoneSimulator.Build.0 = Release|Any CPU
		{B397C2DC-BA60-4BA7-A4B2-846AD49353EB}.Release|iPhoneSimulator.Deploy.0 = Release|Any CPU
		{B397C2DC-BA60-4BA7-A4B2-846AD49353EB}.Release|x64.ActiveCfg = Release|Any CPU
		{B397C2DC-BA60-4BA7-A4B2-846AD49353EB}.Release|x64.Build.0 = Release|Any CPU
		{B397C2DC-BA60-4BA7-A4B2-846AD49353EB}.Release|x64.Deploy.0 = Release|Any CPU
		{B397C2DC-BA60-4BA7-A4B2-846AD49353EB}.Release|x86.ActiveCfg = Release|Any CPU
		{B397C2DC-BA60-4BA7-A4B2-846AD49353EB}.Release|x86.Build.0 = Release|Any CPU
		{B397C2DC-BA60-4BA7-A4B2-846AD49353EB}.Release|x86.Deploy.0 = Release|Any CPU
		{D368B470-1D4D-4459-ABA8-552F6C738D14}.Ad-Hoc|Any CPU.ActiveCfg = Release|Any CPU
		{D368B470-1D4D-4459-ABA8-552F6C738D14}.Ad-Hoc|Any CPU.Build.0 = Release|Any CPU
		{D368B470-1D4D-4459-ABA8-552F6C738D14}.Ad-Hoc|ARM.ActiveCfg = Release|Any CPU
		{D368B470-1D4D-4459-ABA8-552F6C738D14}.Ad-Hoc|ARM.Build.0 = Release|Any CPU
		{D368B470-1D4D-4459-ABA8-552F6C738D14}.Ad-Hoc|iPhone.ActiveCfg = Release|Any CPU
		{D368B470-1D4D-4459-ABA8-552F6C738D14}.Ad-Hoc|iPhone.Build.0 = Release|Any CPU
		{D368B470-1D4D-4459-ABA8-552F6C738D14}.Ad-Hoc|iPhoneSimulator.ActiveCfg = Release|Any CPU
		{D368B470-1D4D-4459-ABA8-552F6C738D14}.Ad-Hoc|iPhoneSimulator.Build.0 = Release|Any CPU
		{D368B470-1D4D-4459-ABA8-552F6C738D14}.Ad-Hoc|x64.ActiveCfg = Release|Any CPU
		{D368B470-1D4D-4459-ABA8-552F6C738D14}.Ad-Hoc|x64.Build.0 = Release|Any CPU
		{D368B470-1D4D-4459-ABA8-552F6C738D14}.Ad-Hoc|x86.ActiveCfg = Release|Any CPU
		{D368B470-1D4D-4459-ABA8-552F6C738D14}.Ad-Hoc|x86.Build.0 = Release|Any CPU
		{D368B470-1D4D-4459-ABA8-552F6C738D14}.AppStore|Any CPU.ActiveCfg = Release|Any CPU
		{D368B470-1D4D-4459-ABA8-552F6C738D14}.AppStore|Any CPU.Build.0 = Release|Any CPU
		{D368B470-1D4D-4459-ABA8-552F6C738D14}.AppStore|ARM.ActiveCfg = Release|Any CPU
		{D368B470-1D4D-4459-ABA8-552F6C738D14}.AppStore|ARM.Build.0 = Release|Any CPU
		{D368B470-1D4D-4459-ABA8-552F6C738D14}.AppStore|iPhone.ActiveCfg = Release|Any CPU
		{D368B470-1D4D-4459-ABA8-552F6C738D14}.AppStore|iPhone.Build.0 = Release|Any CPU
		{D368B470-1D4D-4459-ABA8-552F6C738D14}.AppStore|iPhoneSimulator.ActiveCfg = Release|Any CPU
		{D368B470-1D4D-4459-ABA8-552F6C738D14}.AppStore|iPhoneSimulator.Build.0 = Release|Any CPU
		{D368B470-1D4D-4459-ABA8-552F6C738D14}.AppStore|x64.ActiveCfg = Release|Any CPU
		{D368B470-1D4D-4459-ABA8-552F6C738D14}.AppStore|x64.Build.0 = Release|Any CPU
		{D368B470-1D4D-4459-ABA8-552F6C738D14}.AppStore|x86.ActiveCfg = Release|Any CPU
		{D368B470-1D4D-4459-ABA8-552F6C738D14}.AppStore|x86.Build.0 = Release|Any CPU
		{D368B470-1D4D-4459-ABA8-552F6C738D14}.Debug|Any CPU.ActiveCfg = Debug|Any CPU
		{D368B470-1D4D-4459-ABA8-552F6C738D14}.Debug|Any CPU.Build.0 = Debug|Any CPU
		{D368B470-1D4D-4459-ABA8-552F6C738D14}.Debug|ARM.ActiveCfg = Debug|Any CPU
		{D368B470-1D4D-4459-ABA8-552F6C738D14}.Debug|ARM.Build.0 = Debug|Any CPU
		{D368B470-1D4D-4459-ABA8-552F6C738D14}.Debug|iPhone.ActiveCfg = Debug|Any CPU
		{D368B470-1D4D-4459-ABA8-552F6C738D14}.Debug|iPhone.Build.0 = Debug|Any CPU
		{D368B470-1D4D-4459-ABA8-552F6C738D14}.Debug|iPhoneSimulator.ActiveCfg = Debug|Any CPU
		{D368B470-1D4D-4459-ABA8-552F6C738D14}.Debug|iPhoneSimulator.Build.0 = Debug|Any CPU
		{D368B470-1D4D-4459-ABA8-552F6C738D14}.Debug|x64.ActiveCfg = Debug|Any CPU
		{D368B470-1D4D-4459-ABA8-552F6C738D14}.Debug|x64.Build.0 = Debug|Any CPU
		{D368B470-1D4D-4459-ABA8-552F6C738D14}.Debug|x86.ActiveCfg = Debug|Any CPU
		{D368B470-1D4D-4459-ABA8-552F6C738D14}.Debug|x86.Build.0 = Debug|Any CPU
		{D368B470-1D4D-4459-ABA8-552F6C738D14}.Release|Any CPU.ActiveCfg = Release|Any CPU
		{D368B470-1D4D-4459-ABA8-552F6C738D14}.Release|Any CPU.Build.0 = Release|Any CPU
		{D368B470-1D4D-4459-ABA8-552F6C738D14}.Release|ARM.ActiveCfg = Release|Any CPU
		{D368B470-1D4D-4459-ABA8-552F6C738D14}.Release|ARM.Build.0 = Release|Any CPU
		{D368B470-1D4D-4459-ABA8-552F6C738D14}.Release|iPhone.ActiveCfg = Release|Any CPU
		{D368B470-1D4D-4459-ABA8-552F6C738D14}.Release|iPhone.Build.0 = Release|Any CPU
		{D368B470-1D4D-4459-ABA8-552F6C738D14}.Release|iPhoneSimulator.ActiveCfg = Release|Any CPU
		{D368B470-1D4D-4459-ABA8-552F6C738D14}.Release|iPhoneSimulator.Build.0 = Release|Any CPU
		{D368B470-1D4D-4459-ABA8-552F6C738D14}.Release|x64.ActiveCfg = Release|Any CPU
		{D368B470-1D4D-4459-ABA8-552F6C738D14}.Release|x64.Build.0 = Release|Any CPU
		{D368B470-1D4D-4459-ABA8-552F6C738D14}.Release|x86.ActiveCfg = Release|Any CPU
		{D368B470-1D4D-4459-ABA8-552F6C738D14}.Release|x86.Build.0 = Release|Any CPU
		{DFDEB412-1FC0-4EEA-B0E3-814BF2324EC5}.Ad-Hoc|Any CPU.ActiveCfg = Release|x86
		{DFDEB412-1FC0-4EEA-B0E3-814BF2324EC5}.Ad-Hoc|Any CPU.Build.0 = Release|x86
		{DFDEB412-1FC0-4EEA-B0E3-814BF2324EC5}.Ad-Hoc|Any CPU.Deploy.0 = Release|x86
		{DFDEB412-1FC0-4EEA-B0E3-814BF2324EC5}.Ad-Hoc|ARM.ActiveCfg = Release|ARM
		{DFDEB412-1FC0-4EEA-B0E3-814BF2324EC5}.Ad-Hoc|ARM.Build.0 = Release|ARM
		{DFDEB412-1FC0-4EEA-B0E3-814BF2324EC5}.Ad-Hoc|ARM.Deploy.0 = Release|ARM
		{DFDEB412-1FC0-4EEA-B0E3-814BF2324EC5}.Ad-Hoc|iPhone.ActiveCfg = Release|x86
		{DFDEB412-1FC0-4EEA-B0E3-814BF2324EC5}.Ad-Hoc|iPhone.Build.0 = Release|x86
		{DFDEB412-1FC0-4EEA-B0E3-814BF2324EC5}.Ad-Hoc|iPhone.Deploy.0 = Release|x86
		{DFDEB412-1FC0-4EEA-B0E3-814BF2324EC5}.Ad-Hoc|iPhoneSimulator.ActiveCfg = Release|x86
		{DFDEB412-1FC0-4EEA-B0E3-814BF2324EC5}.Ad-Hoc|iPhoneSimulator.Build.0 = Release|x86
		{DFDEB412-1FC0-4EEA-B0E3-814BF2324EC5}.Ad-Hoc|iPhoneSimulator.Deploy.0 = Release|x86
		{DFDEB412-1FC0-4EEA-B0E3-814BF2324EC5}.Ad-Hoc|x64.ActiveCfg = Release|x64
		{DFDEB412-1FC0-4EEA-B0E3-814BF2324EC5}.Ad-Hoc|x64.Build.0 = Release|x64
		{DFDEB412-1FC0-4EEA-B0E3-814BF2324EC5}.Ad-Hoc|x64.Deploy.0 = Release|x64
		{DFDEB412-1FC0-4EEA-B0E3-814BF2324EC5}.Ad-Hoc|x86.ActiveCfg = Release|x86
		{DFDEB412-1FC0-4EEA-B0E3-814BF2324EC5}.Ad-Hoc|x86.Build.0 = Release|x86
		{DFDEB412-1FC0-4EEA-B0E3-814BF2324EC5}.Ad-Hoc|x86.Deploy.0 = Release|x86
		{DFDEB412-1FC0-4EEA-B0E3-814BF2324EC5}.AppStore|Any CPU.ActiveCfg = Release|x86
		{DFDEB412-1FC0-4EEA-B0E3-814BF2324EC5}.AppStore|Any CPU.Build.0 = Release|x86
		{DFDEB412-1FC0-4EEA-B0E3-814BF2324EC5}.AppStore|Any CPU.Deploy.0 = Release|x86
		{DFDEB412-1FC0-4EEA-B0E3-814BF2324EC5}.AppStore|ARM.ActiveCfg = Release|ARM
		{DFDEB412-1FC0-4EEA-B0E3-814BF2324EC5}.AppStore|ARM.Build.0 = Release|ARM
		{DFDEB412-1FC0-4EEA-B0E3-814BF2324EC5}.AppStore|ARM.Deploy.0 = Release|ARM
		{DFDEB412-1FC0-4EEA-B0E3-814BF2324EC5}.AppStore|iPhone.ActiveCfg = Release|x86
		{DFDEB412-1FC0-4EEA-B0E3-814BF2324EC5}.AppStore|iPhone.Build.0 = Release|x86
		{DFDEB412-1FC0-4EEA-B0E3-814BF2324EC5}.AppStore|iPhone.Deploy.0 = Release|x86
		{DFDEB412-1FC0-4EEA-B0E3-814BF2324EC5}.AppStore|iPhoneSimulator.ActiveCfg = Release|x86
		{DFDEB412-1FC0-4EEA-B0E3-814BF2324EC5}.AppStore|iPhoneSimulator.Build.0 = Release|x86
		{DFDEB412-1FC0-4EEA-B0E3-814BF2324EC5}.AppStore|iPhoneSimulator.Deploy.0 = Release|x86
		{DFDEB412-1FC0-4EEA-B0E3-814BF2324EC5}.AppStore|x64.ActiveCfg = Release|x64
		{DFDEB412-1FC0-4EEA-B0E3-814BF2324EC5}.AppStore|x64.Build.0 = Release|x64
		{DFDEB412-1FC0-4EEA-B0E3-814BF2324EC5}.AppStore|x64.Deploy.0 = Release|x64
		{DFDEB412-1FC0-4EEA-B0E3-814BF2324EC5}.AppStore|x86.ActiveCfg = Release|x86
		{DFDEB412-1FC0-4EEA-B0E3-814BF2324EC5}.AppStore|x86.Build.0 = Release|x86
		{DFDEB412-1FC0-4EEA-B0E3-814BF2324EC5}.AppStore|x86.Deploy.0 = Release|x86
		{DFDEB412-1FC0-4EEA-B0E3-814BF2324EC5}.Debug|Any CPU.ActiveCfg = Debug|x86
		{DFDEB412-1FC0-4EEA-B0E3-814BF2324EC5}.Debug|ARM.ActiveCfg = Debug|ARM
		{DFDEB412-1FC0-4EEA-B0E3-814BF2324EC5}.Debug|ARM.Build.0 = Debug|ARM
		{DFDEB412-1FC0-4EEA-B0E3-814BF2324EC5}.Debug|ARM.Deploy.0 = Debug|ARM
		{DFDEB412-1FC0-4EEA-B0E3-814BF2324EC5}.Debug|iPhone.ActiveCfg = Debug|x86
		{DFDEB412-1FC0-4EEA-B0E3-814BF2324EC5}.Debug|iPhoneSimulator.ActiveCfg = Debug|x86
		{DFDEB412-1FC0-4EEA-B0E3-814BF2324EC5}.Debug|x64.ActiveCfg = Debug|x64
		{DFDEB412-1FC0-4EEA-B0E3-814BF2324EC5}.Debug|x64.Build.0 = Debug|x64
		{DFDEB412-1FC0-4EEA-B0E3-814BF2324EC5}.Debug|x64.Deploy.0 = Debug|x64
		{DFDEB412-1FC0-4EEA-B0E3-814BF2324EC5}.Debug|x86.ActiveCfg = Debug|x86
		{DFDEB412-1FC0-4EEA-B0E3-814BF2324EC5}.Debug|x86.Build.0 = Debug|x86
		{DFDEB412-1FC0-4EEA-B0E3-814BF2324EC5}.Debug|x86.Deploy.0 = Debug|x86
		{DFDEB412-1FC0-4EEA-B0E3-814BF2324EC5}.Release|Any CPU.ActiveCfg = Release|x86
		{DFDEB412-1FC0-4EEA-B0E3-814BF2324EC5}.Release|ARM.ActiveCfg = Release|ARM
		{DFDEB412-1FC0-4EEA-B0E3-814BF2324EC5}.Release|ARM.Build.0 = Release|ARM
		{DFDEB412-1FC0-4EEA-B0E3-814BF2324EC5}.Release|ARM.Deploy.0 = Release|ARM
		{DFDEB412-1FC0-4EEA-B0E3-814BF2324EC5}.Release|iPhone.ActiveCfg = Release|x86
		{DFDEB412-1FC0-4EEA-B0E3-814BF2324EC5}.Release|iPhoneSimulator.ActiveCfg = Release|x86
		{DFDEB412-1FC0-4EEA-B0E3-814BF2324EC5}.Release|x64.ActiveCfg = Release|x64
		{DFDEB412-1FC0-4EEA-B0E3-814BF2324EC5}.Release|x64.Build.0 = Release|x64
		{DFDEB412-1FC0-4EEA-B0E3-814BF2324EC5}.Release|x64.Deploy.0 = Release|x64
		{DFDEB412-1FC0-4EEA-B0E3-814BF2324EC5}.Release|x86.ActiveCfg = Release|x86
		{DFDEB412-1FC0-4EEA-B0E3-814BF2324EC5}.Release|x86.Build.0 = Release|x86
		{DFDEB412-1FC0-4EEA-B0E3-814BF2324EC5}.Release|x86.Deploy.0 = Release|x86
		{2943B587-9094-4C00-9056-B9FB10BF11DB}.Ad-Hoc|Any CPU.ActiveCfg = Ad-Hoc|iPhone
		{2943B587-9094-4C00-9056-B9FB10BF11DB}.Ad-Hoc|ARM.ActiveCfg = Ad-Hoc|iPhone
		{2943B587-9094-4C00-9056-B9FB10BF11DB}.Ad-Hoc|iPhone.ActiveCfg = Ad-Hoc|iPhone
		{2943B587-9094-4C00-9056-B9FB10BF11DB}.Ad-Hoc|iPhone.Build.0 = Ad-Hoc|iPhone
		{2943B587-9094-4C00-9056-B9FB10BF11DB}.Ad-Hoc|iPhoneSimulator.ActiveCfg = Ad-Hoc|iPhoneSimulator
		{2943B587-9094-4C00-9056-B9FB10BF11DB}.Ad-Hoc|iPhoneSimulator.Build.0 = Ad-Hoc|iPhoneSimulator
		{2943B587-9094-4C00-9056-B9FB10BF11DB}.Ad-Hoc|x64.ActiveCfg = Ad-Hoc|iPhone
		{2943B587-9094-4C00-9056-B9FB10BF11DB}.Ad-Hoc|x86.ActiveCfg = Ad-Hoc|iPhone
		{2943B587-9094-4C00-9056-B9FB10BF11DB}.AppStore|Any CPU.ActiveCfg = AppStore|iPhone
		{2943B587-9094-4C00-9056-B9FB10BF11DB}.AppStore|ARM.ActiveCfg = AppStore|iPhone
		{2943B587-9094-4C00-9056-B9FB10BF11DB}.AppStore|iPhone.ActiveCfg = AppStore|iPhone
		{2943B587-9094-4C00-9056-B9FB10BF11DB}.AppStore|iPhone.Build.0 = AppStore|iPhone
		{2943B587-9094-4C00-9056-B9FB10BF11DB}.AppStore|iPhoneSimulator.ActiveCfg = AppStore|iPhoneSimulator
		{2943B587-9094-4C00-9056-B9FB10BF11DB}.AppStore|iPhoneSimulator.Build.0 = AppStore|iPhoneSimulator
		{2943B587-9094-4C00-9056-B9FB10BF11DB}.AppStore|x64.ActiveCfg = AppStore|iPhone
		{2943B587-9094-4C00-9056-B9FB10BF11DB}.AppStore|x86.ActiveCfg = AppStore|iPhone
		{2943B587-9094-4C00-9056-B9FB10BF11DB}.Debug|Any CPU.ActiveCfg = Debug|iPhone
		{2943B587-9094-4C00-9056-B9FB10BF11DB}.Debug|ARM.ActiveCfg = Debug|iPhone
		{2943B587-9094-4C00-9056-B9FB10BF11DB}.Debug|iPhone.ActiveCfg = Debug|iPhone
		{2943B587-9094-4C00-9056-B9FB10BF11DB}.Debug|iPhone.Build.0 = Debug|iPhone
		{2943B587-9094-4C00-9056-B9FB10BF11DB}.Debug|iPhoneSimulator.ActiveCfg = Debug|iPhoneSimulator
		{2943B587-9094-4C00-9056-B9FB10BF11DB}.Debug|iPhoneSimulator.Build.0 = Debug|iPhoneSimulator
		{2943B587-9094-4C00-9056-B9FB10BF11DB}.Debug|x64.ActiveCfg = Debug|iPhone
		{2943B587-9094-4C00-9056-B9FB10BF11DB}.Debug|x86.ActiveCfg = Debug|iPhone
		{2943B587-9094-4C00-9056-B9FB10BF11DB}.Release|Any CPU.ActiveCfg = Release|iPhone
		{2943B587-9094-4C00-9056-B9FB10BF11DB}.Release|ARM.ActiveCfg = Release|iPhone
		{2943B587-9094-4C00-9056-B9FB10BF11DB}.Release|iPhone.ActiveCfg = Release|iPhone
		{2943B587-9094-4C00-9056-B9FB10BF11DB}.Release|iPhone.Build.0 = Release|iPhone
		{2943B587-9094-4C00-9056-B9FB10BF11DB}.Release|iPhoneSimulator.ActiveCfg = Release|iPhoneSimulator
		{2943B587-9094-4C00-9056-B9FB10BF11DB}.Release|iPhoneSimulator.Build.0 = Release|iPhoneSimulator
		{2943B587-9094-4C00-9056-B9FB10BF11DB}.Release|x64.ActiveCfg = Release|iPhone
		{2943B587-9094-4C00-9056-B9FB10BF11DB}.Release|x86.ActiveCfg = Release|iPhone
	EndGlobalSection
	GlobalSection(SolutionProperties) = preSolution
		HideSolutionNode = FALSE
	EndGlobalSection
EndGlobal
